
Microsoft Visual Studio Solution File, Format Version 12.00
# Visual Studio Version 16
VisualStudioVersion = 16.0.29020.237
MinimumVisualStudioVersion = 10.0.40219.1
Project("{FAE04EC0-301F-11D3-BF4B-00C04F79EFBC}") = "MagicTracker", "MagicTracker\MagicTracker.csproj", "{A54B2E5F-EF19-473D-8168-63E98FA4D9CD}"
EndProject
Project("{FAE04EC0-301F-11D3-BF4B-00C04F79EFBC}") = "MagicTracker.Data", "MagicTracker.Data\MagicTracker.Data.csproj", "{E90CEA0C-2DFE-410A-AFE1-BA4C458C9B0E}"
EndProject
Project("{FAE04EC0-301F-11D3-BF4B-00C04F79EFBC}") = "MagicTracker.Models", "MagicTracker.Models\MagicTracker.Models.csproj", "{962E0209-4383-4967-B7F1-9B706F538B84}"
EndProject
Project("{FAE04EC0-301F-11D3-BF4B-00C04F79EFBC}") = "MagicTracker.Services", "MagicTracker.Services\MagicTracker.Services.csproj", "{C4A0F541-8A70-4DA2-9AEF-90C346972806}"
EndProject
Project("{FAE04EC0-301F-11D3-BF4B-00C04F79EFBC}") = "MagicTracker.Contracts", "MagicTracker.Contracts\MagicTracker.Contracts.csproj", "{F3B4E16B-EC31-40ED-93E6-E230CAB2D11F}"
EndProject
Project("{FAE04EC0-301F-11D3-BF4B-00C04F79EFBC}") = "MagicTracker.Tests", "MagicTracker.Tests\MagicTracker.Tests.csproj", "{5A34D9C0-BF80-49C2-91C9-2C3ABDA2A098}"
EndProject
Project("{FAE04EC0-301F-11D3-BF4B-00C04F79EFBC}") = "MagicTracker.WebAPI", "MagicTracker.WebAPI\MagicTracker.WebAPI.csproj", "{30D421BC-FCEB-489B-A374-E30CBD6D3D10}"
EndProject
Global
	GlobalSection(SolutionConfigurationPlatforms) = preSolution
		Debug|Any CPU = Debug|Any CPU
		Release|Any CPU = Release|Any CPU
	EndGlobalSection
	GlobalSection(ProjectConfigurationPlatforms) = postSolution
		{A54B2E5F-EF19-473D-8168-63E98FA4D9CD}.Debug|Any CPU.ActiveCfg = Debug|Any CPU
		{A54B2E5F-EF19-473D-8168-63E98FA4D9CD}.Debug|Any CPU.Build.0 = Debug|Any CPU
		{A54B2E5F-EF19-473D-8168-63E98FA4D9CD}.Release|Any CPU.ActiveCfg = Release|Any CPU
		{A54B2E5F-EF19-473D-8168-63E98FA4D9CD}.Release|Any CPU.Build.0 = Release|Any CPU
		{E90CEA0C-2DFE-410A-AFE1-BA4C458C9B0E}.Debug|Any CPU.ActiveCfg = Debug|Any CPU
		{E90CEA0C-2DFE-410A-AFE1-BA4C458C9B0E}.Debug|Any CPU.Build.0 = Debug|Any CPU
		{E90CEA0C-2DFE-410A-AFE1-BA4C458C9B0E}.Release|Any CPU.ActiveCfg = Release|Any CPU
		{E90CEA0C-2DFE-410A-AFE1-BA4C458C9B0E}.Release|Any CPU.Build.0 = Release|Any CPU
		{962E0209-4383-4967-B7F1-9B706F538B84}.Debug|Any CPU.ActiveCfg = Debug|Any CPU
		{962E0209-4383-4967-B7F1-9B706F538B84}.Debug|Any CPU.Build.0 = Debug|Any CPU
		{962E0209-4383-4967-B7F1-9B706F538B84}.Release|Any CPU.ActiveCfg = Release|Any CPU
		{962E0209-4383-4967-B7F1-9B706F538B84}.Release|Any CPU.Build.0 = Release|Any CPU
		{C4A0F541-8A70-4DA2-9AEF-90C346972806}.Debug|Any CPU.ActiveCfg = Debug|Any CPU
		{C4A0F541-8A70-4DA2-9AEF-90C346972806}.Debug|Any CPU.Build.0 = Debug|Any CPU
		{C4A0F541-8A70-4DA2-9AEF-90C346972806}.Release|Any CPU.ActiveCfg = Release|Any CPU
		{C4A0F541-8A70-4DA2-9AEF-90C346972806}.Release|Any CPU.Build.0 = Release|Any CPU
		{F3B4E16B-EC31-40ED-93E6-E230CAB2D11F}.Debug|Any CPU.ActiveCfg = Debug|Any CPU
		{F3B4E16B-EC31-40ED-93E6-E230CAB2D11F}.Debug|Any CPU.Build.0 = Debug|Any CPU
		{F3B4E16B-EC31-40ED-93E6-E230CAB2D11F}.Release|Any CPU.ActiveCfg = Release|Any CPU
		{F3B4E16B-EC31-40ED-93E6-E230CAB2D11F}.Release|Any CPU.Build.0 = Release|Any CPU
		{5A34D9C0-BF80-49C2-91C9-2C3ABDA2A098}.Debug|Any CPU.ActiveCfg = Debug|Any CPU
		{5A34D9C0-BF80-49C2-91C9-2C3ABDA2A098}.Debug|Any CPU.Build.0 = Debug|Any CPU
		{5A34D9C0-BF80-49C2-91C9-2C3ABDA2A098}.Release|Any CPU.ActiveCfg = Release|Any CPU
		{5A34D9C0-BF80-49C2-91C9-2C3ABDA2A098}.Release|Any CPU.Build.0 = Release|Any CPU
		{30D421BC-FCEB-489B-A374-E30CBD6D3D10}.Debug|Any CPU.ActiveCfg = Debug|Any CPU
		{30D421BC-FCEB-489B-A374-E30CBD6D3D10}.Debug|Any CPU.Build.0 = Debug|Any CPU
		{30D421BC-FCEB-489B-A374-E30CBD6D3D10}.Release|Any CPU.ActiveCfg = Release|Any CPU
		{30D421BC-FCEB-489B-A374-E30CBD6D3D10}.Release|Any CPU.Build.0 = Release|Any CPU
	EndGlobalSection
	GlobalSection(SolutionProperties) = preSolution
		HideSolutionNode = FALSE
	EndGlobalSection
	GlobalSection(ExtensibilityGlobals) = postSolution
		SolutionGuid = {C756EC44-9991-4716-B71B-7ABD5DDE118F}
	EndGlobalSection
EndGlobal
